
Microsoft Visual Studio Solution File, Format Version 12.00
# Visual Studio Version 16
VisualStudioVersion = 16.0.32407.337
MinimumVisualStudioVersion = 10.0.40219.1
Project("{FAE04EC0-301F-11D3-BF4B-00C04F79EFBC}") = "TASK-3.1", "TASK-3.1\TASK-3.1.csproj", "{7009D7B9-B116-4058-ADED-1056EB5E639C}"
EndProject
Global
	GlobalSection(SolutionConfigurationPlatforms) = preSolution
		Debug|Any CPU = Debug|Any CPU
		Release|Any CPU = Release|Any CPU
	EndGlobalSection
	GlobalSection(ProjectConfigurationPlatforms) = postSolution
		{7009D7B9-B116-4058-ADED-1056EB5E639C}.Debug|Any CPU.ActiveCfg = Debug|Any CPU
		{7009D7B9-B116-4058-ADED-1056EB5E639C}.Debug|Any CPU.Build.0 = Debug|Any CPU
		{7009D7B9-B116-4058-ADED-1056EB5E639C}.Release|Any CPU.ActiveCfg = Release|Any CPU
		{7009D7B9-B116-4058-ADED-1056EB5E639C}.Release|Any CPU.Build.0 = Release|Any CPU
	EndGlobalSection
	GlobalSection(SolutionProperties) = preSolution
		HideSolutionNode = FALSE
	EndGlobalSection
	GlobalSection(ExtensibilityGlobals) = postSolution
		SolutionGuid = {94641C18-4293-4A4D-9399-4A0E018CECB6}
	EndGlobalSection
EndGlobal
